
Microsoft Visual Studio Solution File, Format Version 12.00
# Visual Studio Version 17
VisualStudioVersion = 17.4.33205.214
MinimumVisualStudioVersion = 10.0.40219.1
Project("{FAE04EC0-301F-11D3-BF4B-00C04F79EFBC}") = "ClassLibraryForCarApp.cs", "ClassLibraryForCarApp\ClassLibraryForCarApp.cs.csproj", "{BED19F28-75AC-473C-9FE7-B071A953CFF4}"
EndProject
Project("{FAE04EC0-301F-11D3-BF4B-00C04F79EFBC}") = "ConsoleAppStoreForCar", "ConsoleAppStoreForCar\ConsoleAppStoreForCar.csproj", "{D485FC43-5BB6-4A7F-9F3F-434BEE9CC14D}"
EndProject
Global
	GlobalSection(SolutionConfigurationPlatforms) = preSolution
		Debug|Any CPU = Debug|Any CPU
		Release|Any CPU = Release|Any CPU
	EndGlobalSection
	GlobalSection(ProjectConfigurationPlatforms) = postSolution
		{BED19F28-75AC-473C-9FE7-B071A953CFF4}.Debug|Any CPU.ActiveCfg = Debug|Any CPU
		{BED19F28-75AC-473C-9FE7-B071A953CFF4}.Debug|Any CPU.Build.0 = Debug|Any CPU
		{BED19F28-75AC-473C-9FE7-B071A953CFF4}.Release|Any CPU.ActiveCfg = Release|Any CPU
		{BED19F28-75AC-473C-9FE7-B071A953CFF4}.Release|Any CPU.Build.0 = Release|Any CPU
		{D485FC43-5BB6-4A7F-9F3F-434BEE9CC14D}.Debug|Any CPU.ActiveCfg = Debug|Any CPU
		{D485FC43-5BB6-4A7F-9F3F-434BEE9CC14D}.Debug|Any CPU.Build.0 = Debug|Any CPU
		{D485FC43-5BB6-4A7F-9F3F-434BEE9CC14D}.Release|Any CPU.ActiveCfg = Release|Any CPU
		{D485FC43-5BB6-4A7F-9F3F-434BEE9CC14D}.Release|Any CPU.Build.0 = Release|Any CPU
	EndGlobalSection
	GlobalSection(SolutionProperties) = preSolution
		HideSolutionNode = FALSE
	EndGlobalSection
	GlobalSection(ExtensibilityGlobals) = postSolution
		SolutionGuid = {39323BF2-92E7-470A-82C0-1CF978548D23}
	EndGlobalSection
EndGlobal
